<?xml version="1.0" encoding="UTF-8"?>
<Scheme
   version = "1.3">
   <BuildAction>
      <BuildActionEntries>
         <BuildActionEntry
            buildForRunning = "YES">
            <BuildableReference
               BuildableIdentifier = "primary"
               BlueprintIdentifier = "38E5FD1020A1A13B00403E58"
               BuildableName = "Simple Chat App.app"
               BlueprintName = "Simple Chat App"
               ReferencedContainer = "container:Simple Chat App.xcodeproj">
            </BuildableReference>
         </BuildActionEntry>
      </BuildActionEntries>
   </BuildAction>
   <LaunchAction
      useCustomWorkingDirectory = "NO"
      buildConfiguration = "Debug"
      allowLocationSimulation = "YES">
      <BuildableProductRunnable>
         <BuildableReference
            BuildableIdentifier = "primary"
            BlueprintIdentifier = "38E5FD1020A1A13B00403E58"
            BuildableName = "Simple Chat App.app"
            BlueprintName = "Simple Chat App"
            ReferencedContainer = "container:Simple Chat App.xcodeproj">
         </BuildableReference>
      </BuildableProductRunnable>
   </LaunchAction>
</Scheme>
